<?xml version="1.0" encoding="utf-8"?>
<Project ToolsVersion="4.0" xmlns="http://schemas.microsoft.com/developer/msbuild/2003">
  <ItemGroup>
    <Filter Include="Pliki źródłowe">
      <UniqueIdentifier>{4FC737F1-C7A5-4376-A066-2A32D752A2FF}</UniqueIdentifier>
      <Extensions>cpp;c;cc;cxx;def;odl;idl;hpj;bat;asm;asmx</Extensions>
    </Filter>
    <Filter Include="Pliki nagłówkowe">
      <UniqueIdentifier>{93995380-89BD-4b04-88EB-625FBE52EBFB}</UniqueIdentifier>
      <Extensions>h;hh;hpp;hxx;hm;inl;inc;ipp;xsd</Extensions>
    </Filter>
    <Filter Include="Pliki zasobów">
      <UniqueIdentifier>{67DA6AB6-F800-4c08-8B7A-83BB121AAD01}</UniqueIdentifier>
      <Extensions>rc;ico;cur;bmp;dlg;rc2;rct;bin;rgs;gif;jpg;jpeg;jpe;resx;tiff;tif;png;wav;mfcribbon-ms</Extensions>
    </Filter>
    <Filter Include="Pliki nagłówkowe\GameObjects">
      <UniqueIdentifier>{bd02316f-aa65-4f9a-9801-899e59b1f7c9}</UniqueIdentifier>
    </Filter>
    <Filter Include="Pliki źródłowe\GameObjects">
      <UniqueIdentifier>{d3bb3ed9-7a9c-4e41-8ba3-d88f9f30007c}</UniqueIdentifier>
    </Filter>
    <Filter Include="Pliki źródłowe\LevelUtil">
      <UniqueIdentifier>{abb4fc09-b795-4537-bac3-cb7269fedf0c}</UniqueIdentifier>
    </Filter>
    <Filter Include="Pliki nagłówkowe\LevelUtil">
      <UniqueIdentifier>{afcd5fb9-c29e-4a06-ad99-e47ec341e554}</UniqueIdentifier>
    </Filter>
    <Filter Include="Pliki nagłówkowe\ScreenManagement">
      <UniqueIdentifier>{5a48f5a1-3522-4248-affa-45cf93e72b0d}</UniqueIdentifier>
    </Filter>
  </ItemGroup>
  <ItemGroup>
    <ClCompile Include="main.cpp">
      <Filter>Pliki źródłowe</Filter>
    </ClCompile>
    <ClCompile Include="Block.cpp">
      <Filter>Pliki źródłowe\GameObjects</Filter>
    </ClCompile>
    <ClCompile Include="Character.cpp">
      <Filter>Pliki źródłowe\GameObjects</Filter>
    </ClCompile>
    <ClCompile Include="GameObject.cpp">
      <Filter>Pliki źródłowe\GameObjects</Filter>
    </ClCompile>
    <ClCompile Include="Bullet.cpp">
      <Filter>Pliki źródłowe\GameObjects</Filter>
    </ClCompile>
    <ClCompile Include="Weapon.cpp">
      <Filter>Pliki źródłowe\GameObjects</Filter>
    </ClCompile>
    <ClCompile Include="Level.cpp">
      <Filter>Pliki źródłowe\LevelUtil</Filter>
    </ClCompile>
    <ClCompile Include="LevelLoader.cpp">
      <Filter>Pliki źródłowe\LevelUtil</Filter>
    </ClCompile>
    <ClCompile Include="InteractiveBackground.cpp">
      <Filter>Pliki źródłowe\GameObjects</Filter>
    </ClCompile>
    <ClCompile Include="LevelSaver.cpp">
      <Filter>Pliki źródłowe\LevelUtil</Filter>
    </ClCompile>
  </ItemGroup>
  <ItemGroup>
    <ClInclude Include="Block.h">
      <Filter>Pliki nagłówkowe\GameObjects</Filter>
    </ClInclude>
    <ClInclude Include="Character.h">
      <Filter>Pliki nagłówkowe\GameObjects</Filter>
    </ClInclude>
    <ClInclude Include="GameObject.h">
      <Filter>Pliki nagłówkowe\GameObjects</Filter>
    </ClInclude>
    <ClInclude Include="Bullet.h">
      <Filter>Pliki nagłówkowe\GameObjects</Filter>
    </ClInclude>
    <ClInclude Include="Weapon.h">
      <Filter>Pliki nagłówkowe\GameObjects</Filter>
    </ClInclude>
    <ClInclude Include="Level.h">
      <Filter>Pliki nagłówkowe\LevelUtil</Filter>
    </ClInclude>
    <ClInclude Include="LevelLoader.h">
      <Filter>Pliki nagłówkowe\LevelUtil</Filter>
    </ClInclude>
    <ClInclude Include="main.h">
      <Filter>Pliki nagłówkowe</Filter>
    </ClInclude>
    <ClInclude Include="InteractiveBackground.h">
      <Filter>Pliki nagłówkowe\GameObjects</Filter>
    </ClInclude>
    <ClInclude Include="LevelSaver.h">
      <Filter>Pliki nagłówkowe\LevelUtil</Filter>
    </ClInclude>
    <ClInclude Include="cScreen.h">
      <Filter>Pliki nagłówkowe\ScreenManagement</Filter>
    </ClInclude>
    <ClInclude Include="screen_0.hpp">
      <Filter>Pliki nagłówkowe\ScreenManagement</Filter>
    </ClInclude>
  </ItemGroup>
</Project>